{
  "name": "WebDev",
  "lockfileVersion": 3,
  "requires": true,
  "packages": {
    "": {
      "dependencies": {
        "core-js": "^3.29.1"
      }
    },
    "node_modules/core-js": {
      "version": "3.29.1",
      "resolved": "https://registry.npmjs.org/core-js/-/core-js-3.29.1.tgz",
      "integrity": "sha512-+jwgnhg6cQxKYIIjGtAHq2nwUOolo9eoFZ4sHfUH09BLXBgxnH4gA0zEd+t+BO2cNB8idaBtZFcFTRjQJRJmAw==",
      "hasInstallScript": true,
      "funding": {
        "type": "opencollective",
        "url": "https://opencollective.com/core-js"
      }
    }
  }
}
